
Microsoft Visual Studio Solution File, Format Version 12.00
# Visual Studio Version 16
VisualStudioVersion = 16.0.29411.108
MinimumVisualStudioVersion = 10.0.40219.1
Project("{FAE04EC0-301F-11D3-BF4B-00C04F79EFBC}") = "Src", "Src.csproj", "{315C6E7C-E3FB-4513-B0C0-3446FF5A3FD9}"
EndProject
Project("{FAE04EC0-301F-11D3-BF4B-00C04F79EFBC}") = "ADALV3", "..\ADALV3\ADALV3.csproj", "{81EA58AE-F70A-43E5-9CD4-5502136B0D5E}"
EndProject
Global
	GlobalSection(SolutionConfigurationPlatforms) = preSolution
		Debug|Any CPU = Debug|Any CPU
		Release|Any CPU = Release|Any CPU
	EndGlobalSection
	GlobalSection(ProjectConfigurationPlatforms) = postSolution
		{315C6E7C-E3FB-4513-B0C0-3446FF5A3FD9}.Debug|Any CPU.ActiveCfg = Debug|Any CPU
		{315C6E7C-E3FB-4513-B0C0-3446FF5A3FD9}.Debug|Any CPU.Build.0 = Debug|Any CPU
		{315C6E7C-E3FB-4513-B0C0-3446FF5A3FD9}.Release|Any CPU.ActiveCfg = Release|Any CPU
		{315C6E7C-E3FB-4513-B0C0-3446FF5A3FD9}.Release|Any CPU.Build.0 = Release|Any CPU
		{81EA58AE-F70A-43E5-9CD4-5502136B0D5E}.Debug|Any CPU.ActiveCfg = Debug|Any CPU
		{81EA58AE-F70A-43E5-9CD4-5502136B0D5E}.Debug|Any CPU.Build.0 = Debug|Any CPU
		{81EA58AE-F70A-43E5-9CD4-5502136B0D5E}.Release|Any CPU.ActiveCfg = Release|Any CPU
		{81EA58AE-F70A-43E5-9CD4-5502136B0D5E}.Release|Any CPU.Build.0 = Release|Any CPU
	EndGlobalSection
	GlobalSection(SolutionProperties) = preSolution
		HideSolutionNode = FALSE
	EndGlobalSection
	GlobalSection(ExtensibilityGlobals) = postSolution
		SolutionGuid = {918393F6-E9AF-492D-8114-A2A5416D84EE}
	EndGlobalSection
EndGlobal
