
Microsoft Visual Studio Solution File, Format Version 12.00
# Visual Studio 15
VisualStudioVersion = 15.0.27428.2015
MinimumVisualStudioVersion = 10.0.40219.1
Project("{9A19103F-16F7-4668-BE54-9A1E7A4F7556}") = "Observer", "ch1\Observer.csproj", "{656574F8-7F67-4872-AB59-A52DA0539231}"
EndProject
Project("{2150E333-8FDC-42A3-9474-1A3956D46DE8}") = "ch2", "ch2", "{F5419DA4-B693-445E-8DCC-C52CF84FEAA6}"
EndProject
Project("{2150E333-8FDC-42A3-9474-1A3956D46DE8}") = "ch1", "ch1", "{E95976CA-25D0-4B8B-AEEA-1F675BA140CC}"
EndProject
Project("{9A19103F-16F7-4668-BE54-9A1E7A4F7556}") = "Delay", "delay\Delay.csproj", "{625A061E-8F33-4D3D-9C28-86AD426A7DC0}"
EndProject
Project("{9A19103F-16F7-4668-BE54-9A1E7A4F7556}") = "TaskResult", "TaskResult\TaskResult.csproj", "{B09F8703-F972-43E5-B43A-CD5B53EB9125}"
EndProject
Project("{9A19103F-16F7-4668-BE54-9A1E7A4F7556}") = "WhenAll", "WhenAll\WhenAll.csproj", "{3A28F6F3-0B47-4819-A743-6C714EC90A4B}"
EndProject
Project("{9A19103F-16F7-4668-BE54-9A1E7A4F7556}") = "WhenAny", "WhenAny\WhenAny.csproj", "{B95E7E5E-B27F-4DCF-B327-8678A8F7F73A}"
EndProject
Project("{9A19103F-16F7-4668-BE54-9A1E7A4F7556}") = "ReturnAsync", "ReturnAsync\ReturnAsync.csproj", "{68C5035D-D50B-45A2-B074-02E2C09D614D}"
EndProject
Project("{FAE04EC0-301F-11D3-BF4B-00C04F79EFBC}") = "AsyncEx", "AsyncEx\AsyncEx.csproj", "{D10EC302-F3EC-4808-9F5E-53680B24E6C2}"
EndProject
Global
	GlobalSection(SolutionConfigurationPlatforms) = preSolution
		Debug|Any CPU = Debug|Any CPU
		Release|Any CPU = Release|Any CPU
	EndGlobalSection
	GlobalSection(ProjectConfigurationPlatforms) = postSolution
		{656574F8-7F67-4872-AB59-A52DA0539231}.Debug|Any CPU.ActiveCfg = Debug|Any CPU
		{656574F8-7F67-4872-AB59-A52DA0539231}.Debug|Any CPU.Build.0 = Debug|Any CPU
		{656574F8-7F67-4872-AB59-A52DA0539231}.Release|Any CPU.ActiveCfg = Release|Any CPU
		{656574F8-7F67-4872-AB59-A52DA0539231}.Release|Any CPU.Build.0 = Release|Any CPU
		{625A061E-8F33-4D3D-9C28-86AD426A7DC0}.Debug|Any CPU.ActiveCfg = Debug|Any CPU
		{625A061E-8F33-4D3D-9C28-86AD426A7DC0}.Debug|Any CPU.Build.0 = Debug|Any CPU
		{625A061E-8F33-4D3D-9C28-86AD426A7DC0}.Release|Any CPU.ActiveCfg = Release|Any CPU
		{625A061E-8F33-4D3D-9C28-86AD426A7DC0}.Release|Any CPU.Build.0 = Release|Any CPU
		{B09F8703-F972-43E5-B43A-CD5B53EB9125}.Debug|Any CPU.ActiveCfg = Debug|Any CPU
		{B09F8703-F972-43E5-B43A-CD5B53EB9125}.Debug|Any CPU.Build.0 = Debug|Any CPU
		{B09F8703-F972-43E5-B43A-CD5B53EB9125}.Release|Any CPU.ActiveCfg = Release|Any CPU
		{B09F8703-F972-43E5-B43A-CD5B53EB9125}.Release|Any CPU.Build.0 = Release|Any CPU
		{3A28F6F3-0B47-4819-A743-6C714EC90A4B}.Debug|Any CPU.ActiveCfg = Debug|Any CPU
		{3A28F6F3-0B47-4819-A743-6C714EC90A4B}.Debug|Any CPU.Build.0 = Debug|Any CPU
		{3A28F6F3-0B47-4819-A743-6C714EC90A4B}.Release|Any CPU.ActiveCfg = Release|Any CPU
		{3A28F6F3-0B47-4819-A743-6C714EC90A4B}.Release|Any CPU.Build.0 = Release|Any CPU
		{B95E7E5E-B27F-4DCF-B327-8678A8F7F73A}.Debug|Any CPU.ActiveCfg = Debug|Any CPU
		{B95E7E5E-B27F-4DCF-B327-8678A8F7F73A}.Debug|Any CPU.Build.0 = Debug|Any CPU
		{B95E7E5E-B27F-4DCF-B327-8678A8F7F73A}.Release|Any CPU.ActiveCfg = Release|Any CPU
		{B95E7E5E-B27F-4DCF-B327-8678A8F7F73A}.Release|Any CPU.Build.0 = Release|Any CPU
		{68C5035D-D50B-45A2-B074-02E2C09D614D}.Debug|Any CPU.ActiveCfg = Debug|Any CPU
		{68C5035D-D50B-45A2-B074-02E2C09D614D}.Debug|Any CPU.Build.0 = Debug|Any CPU
		{68C5035D-D50B-45A2-B074-02E2C09D614D}.Release|Any CPU.ActiveCfg = Release|Any CPU
		{68C5035D-D50B-45A2-B074-02E2C09D614D}.Release|Any CPU.Build.0 = Release|Any CPU
		{D10EC302-F3EC-4808-9F5E-53680B24E6C2}.Debug|Any CPU.ActiveCfg = Debug|Any CPU
		{D10EC302-F3EC-4808-9F5E-53680B24E6C2}.Debug|Any CPU.Build.0 = Debug|Any CPU
		{D10EC302-F3EC-4808-9F5E-53680B24E6C2}.Release|Any CPU.ActiveCfg = Release|Any CPU
		{D10EC302-F3EC-4808-9F5E-53680B24E6C2}.Release|Any CPU.Build.0 = Release|Any CPU
	EndGlobalSection
	GlobalSection(SolutionProperties) = preSolution
		HideSolutionNode = FALSE
	EndGlobalSection
	GlobalSection(NestedProjects) = preSolution
		{656574F8-7F67-4872-AB59-A52DA0539231} = {E95976CA-25D0-4B8B-AEEA-1F675BA140CC}
		{625A061E-8F33-4D3D-9C28-86AD426A7DC0} = {F5419DA4-B693-445E-8DCC-C52CF84FEAA6}
		{B09F8703-F972-43E5-B43A-CD5B53EB9125} = {F5419DA4-B693-445E-8DCC-C52CF84FEAA6}
		{3A28F6F3-0B47-4819-A743-6C714EC90A4B} = {F5419DA4-B693-445E-8DCC-C52CF84FEAA6}
		{B95E7E5E-B27F-4DCF-B327-8678A8F7F73A} = {F5419DA4-B693-445E-8DCC-C52CF84FEAA6}
		{68C5035D-D50B-45A2-B074-02E2C09D614D} = {F5419DA4-B693-445E-8DCC-C52CF84FEAA6}
		{D10EC302-F3EC-4808-9F5E-53680B24E6C2} = {F5419DA4-B693-445E-8DCC-C52CF84FEAA6}
	EndGlobalSection
	GlobalSection(ExtensibilityGlobals) = postSolution
		SolutionGuid = {BAABEF95-F136-4183-8274-9EA8009B0623}
	EndGlobalSection
EndGlobal
